<?xml version="1.0" encoding="UTF-8"?>
<Scheme
   version = "1.3">
   <BuildAction>
      <BuildActionEntries>
         <BuildActionEntry
            buildForRunning = "YES">
            <BuildableReference
               BuildableIdentifier = "primary"
               BlueprintIdentifier = "483A33C126D22D2A00E36FB4"
               BuildableName = "pc_swift_playground"
               BlueprintName = "pc_swift_playground"
               ReferencedContainer = "container:pc_swift_playground.xcodeproj">
            </BuildableReference>
         </BuildActionEntry>
      </BuildActionEntries>
   </BuildAction>
   <LaunchAction
      useCustomWorkingDirectory = "NO"
      buildConfiguration = "Debug"
      allowLocationSimulation = "YES">
      <BuildableProductRunnable>
         <BuildableReference
            BuildableIdentifier = "primary"
            BlueprintIdentifier = "483A33C126D22D2A00E36FB4"
            BuildableName = "pc_swift_playground"
            BlueprintName = "pc_swift_playground"
            ReferencedContainer = "container:pc_swift_playground.xcodeproj">
         </BuildableReference>
      </BuildableProductRunnable>
   </LaunchAction>
</Scheme>
