{
  "object": {
    "pins": [
      {
        "package": "PCCommon",
        "repositoryURL": "https://github.com/branch10480/PCCommonSwift.git",
        "state": {
          "branch": null,
          "revision": "e6c1e73af3eb13552760fc679209b1aa06335e4d",
          "version": "0.1.1"
        }
      }
    ]
  },
  "version": 1
}
