{
  "object": {
    "pins": [
      {
        "package": "PCCommon",
        "repositoryURL": "https://github.com/branch10480/PCCommonSwift.git",
        "state": {
          "branch": null,
          "revision": "5256caa7df941c3c9c2f26290d93cbf70a626696",
          "version": "0.1.2"
        }
      }
    ]
  },
  "version": 1
}
